// !$*UTF8*$!
{
	archiveVersion = 1;
	classes = {
	};
	objectVersion = 48;
	objects = {

/* Begin PBXBuildFile section */
		BEAB0BE61F55743100E4E1E1 /* AppDelegate.swift in Sources */ = {isa = PBXBuildFile; fileRef = BEAB0BE51F55743100E4E1E1 /* AppDelegate.swift */; };
		BEAB0BE81F55743100E4E1E1 /* ViewController.swift in Sources */ = {isa = PBXBuildFile; fileRef = BEAB0BE71F55743100E4E1E1 /* ViewController.swift */; };
		BEAB0BEB1F55743100E4E1E1 /* Main.storyboard in Resources */ = {isa = PBXBuildFile; fileRef = BEAB0BE91F55743100E4E1E1 /* Main.storyboard */; };
		BEAB0BED1F55743100E4E1E1 /* Assets.xcassets in Resources */ = {isa = PBXBuildFile; fileRef = BEAB0BEC1F55743100E4E1E1 /* Assets.xcassets */; };
		BEAB0BF01F55743100E4E1E1 /* LaunchScreen.storyboard in Resources */ = {isa = PBXBuildFile; fileRef = BEAB0BEE1F55743100E4E1E1 /* LaunchScreen.storyboard */; };
		BEAB0BFB1F55743200E4E1E1 /* TestAudioTests.swift in Sources */ = {isa = PBXBuildFile; fileRef = BEAB0BFA1F55743200E4E1E1 /* TestAudioTests.swift */; };
		BEAB0C061F55743200E4E1E1 /* TestAudioUITests.swift in Sources */ = {isa = PBXBuildFile; fileRef = BEAB0C051F55743200E4E1E1 /* TestAudioUITests.swift */; };
/* End PBXBuildFile section */

/* Begin PBXContainerItemProxy section */
		BEAB0BF71F55743200E4E1E1 /* PBXContainerItemProxy */ = {
			isa = PBXContainerItemProxy;
			containerPortal = BEAB0BDA1F55743100E4E1E1 /* Project object */;
			proxyType = 1;
			remoteGlobalIDString = BEAB0BE11F55743100E4E1E1;
			remoteInfo = TestAudio;
		};
		BEAB0C021F55743200E4E1E1 /* PBXContainerItemProxy */ = {
			isa = PBXContainerItemProxy;
			containerPortal = BEAB0BDA1F55743100E4E1E1 /* Project object */;
			proxyType = 1;
			remoteGlobalIDString = BEAB0BE11F55743100E4E1E1;
			remoteInfo = TestAudio;
		};
/* End PBXContainerItemProxy section */

/* Begin PBXFileReference section */
		BEAB0BE21F55743100E4E1E1 /* TestAudio.app */ = {isa = PBXFileReference; explicitFileType = wrapper.application; includeInIndex = 0; path = TestAudio.app; sourceTree = BUILT_PRODUCTS_DIR; };
		BEAB0BE51F55743100E4E1E1 /* AppDelegate.swift */ = {isa = PBXFileReference; lastKnownFileType = sourcecode.swift; path = AppDelegate.swift; sourceTree = "<group>"; };
		BEAB0BE71F55743100E4E1E1 /* ViewController.swift */ = {isa = PBXFileReference; lastKnownFileType = sourcecode.swift; path = ViewController.swift; sourceTree = "<group>"; };
		BEAB0BEA1F55743100E4E1E1 /* Base */ = {isa = PBXFileReference; lastKnownFileType = file.storyboard; name = Base; path = Base.lproj/Main.storyboard; sourceTree = "<group>"; };
		BEAB0BEC1F55743100E4E1E1 /* Assets.xcassets */ = {isa = PBXFileReference; lastKnownFileType = folder.assetcatalog; path = Assets.xcassets; sourceTree = "<group>"; };
		BEAB0BEF1F55743100E4E1E1 /* Base */ = {isa = PBXFileReference; lastKnownFileType = file.storyboard; name = Base; path = Base.lproj/LaunchScreen.storyboard; sourceTree = "<group>"; };
		BEAB0BF11F55743200E4E1E1 /* Info.plist */ = {isa = PBXFileReference; lastKnownFileType = text.plist.xml; path = Info.plist; sourceTree = "<group>"; };
		BEAB0BF61F55743200E4E1E1 /* TestAudioTests.xctest */ = {isa = PBXFileReference; explicitFileType = wrapper.cfbundle; includeInIndex = 0; path = TestAudioTests.xctest; sourceTree = BUILT_PRODUCTS_DIR; };
		BEAB0BFA1F55743200E4E1E1 /* TestAudioTests.swift */ = {isa = PBXFileReference; lastKnownFileType = sourcecode.swift; path = TestAudioTests.swift; sourceTree = "<group>"; };
		BEAB0BFC1F55743200E4E1E1 /* Info.plist */ = {isa = PBXFileReference; lastKnownFileType = text.plist.xml; path = Info.plist; sourceTree = "<group>"; };
		BEAB0C011F55743200E4E1E1 /* TestAudioUITests.xctest */ = {isa = PBXFileReference; explicitFileType = wrapper.cfbundle; includeInIndex = 0; path = TestAudioUITests.xctest; sourceTree = BUILT_PRODUCTS_DIR; };
		BEAB0C051F55743200E4E1E1 /* TestAudioUITests.swift */ = {isa = PBXFileReference; lastKnownFileType = sourcecode.swift; path = TestAudioUITests.swift; sourceTree = "<group>"; };
		BEAB0C071F55743200E4E1E1 /* Info.plist */ = {isa = PBXFileReference; lastKnownFileType = text.plist.xml; path = Info.plist; sourceTree = "<group>"; };
/* End PBXFileReference section */

/* Begin PBXFrameworksBuildPhase section */
		BEAB0BDF1F55743100E4E1E1 /* Frameworks */ = {
			isa = PBXFrameworksBuildPhase;
			buildActionMask = 2147483647;
			files = (
			);
			runOnlyForDeploymentPostprocessing = 0;
		};
		BEAB0BF31F55743200E4E1E1 /* Frameworks */ = {
			isa = PBXFrameworksBuildPhase;
			buildActionMask = 2147483647;
			files = (
			);
			runOnlyForDeploymentPostprocessing = 0;
		};
		BEAB0BFE1F55743200E4E1E1 /* Frameworks */ = {
			isa = PBXFrameworksBuildPhase;
			buildActionMask = 2147483647;
			files = (
			);
			runOnlyForDeploymentPostprocessing = 0;
		};
/* End PBXFrameworksBuildPhase section */

/* Begin PBXGroup section */
		BEAB0BD91F55743100E4E1E1 = {
			isa = PBXGroup;
			children = (
				BEAB0BE41F55743100E4E1E1 /* TestAudio */,
				BEAB0BF91F55743200E4E1E1 /* TestAudioTests */,
				BEAB0C041F55743200E4E1E1 /* TestAudioUITests */,
				BEAB0BE31F55743100E4E1E1 /* Products */,
			);
			sourceTree = "<group>";
		};
		BEAB0BE31F55743100E4E1E1 /* Products */ = {
			isa = PBXGroup;
			children = (
				BEAB0BE21F55743100E4E1E1 /* TestAudio.app */,
				BEAB0BF61F55743200E4E1E1 /* TestAudioTests.xctest */,
				BEAB0C011F55743200E4E1E1 /* TestAudioUITests.xctest */,
			);
			name = Products;
			sourceTree = "<group>";
		};
		BEAB0BE41F55743100E4E1E1 /* TestAudio */ = {
			isa = PBXGroup;
			children = (
				BEAB0BE51F55743100E4E1E1 /* AppDelegate.swift */,
				BEAB0BE71F55743100E4E1E1 /* ViewController.swift */,
				BEAB0BE91F55743100E4E1E1 /* Main.storyboard */,
				BEAB0BEC1F55743100E4E1E1 /* Assets.xcassets */,
				BEAB0BEE1F55743100E4E1E1 /* LaunchScreen.storyboard */,
				BEAB0BF11F55743200E4E1E1 /* Info.plist */,
			);
			path = TestAudio;
			sourceTree = "<group>";
		};
		BEAB0BF91F55743200E4E1E1 /* TestAudioTests */ = {
			isa = PBXGroup;
			children = (
				BEAB0BFA1F55743200E4E1E1 /* TestAudioTests.swift */,
				BEAB0BFC1F55743200E4E1E1 /* Info.plist */,
			);
			path = TestAudioTests;
			sourceTree = "<group>";
		};
		BEAB0C041F55743200E4E1E1 /* TestAudioUITests */ = {
			isa = PBXGroup;
			children = (
				BEAB0C051F55743200E4E1E1 /* TestAudioUITests.swift */,
				BEAB0C071F55743200E4E1E1 /* Info.plist */,
			);
			path = TestAudioUITests;
			sourceTree = "<group>";
		};
/* End PBXGroup section */

/* Begin PBXNativeTarget section */
		BEAB0BE11F55743100E4E1E1 /* TestAudio */ = {
			isa = PBXNativeTarget;
			buildConfigurationList = BEAB0C0A1F55743200E4E1E1 /* Build configuration list for PBXNativeTarget "TestAudio" */;
			buildPhases = (
				BEAB0BDE1F55743100E4E1E1 /* Sources */,
				BEAB0BDF1F55743100E4E1E1 /* Frameworks */,
				BEAB0BE01F55743100E4E1E1 /* Resources */,
			);
			buildRules = (
			);
			dependencies = (
			);
			name = TestAudio;
			productName = TestAudio;
			productReference = BEAB0BE21F55743100E4E1E1 /* TestAudio.app */;
			productType = "com.apple.product-type.application";
		};
		BEAB0BF51F55743200E4E1E1 /* TestAudioTests */ = {
			isa = PBXNativeTarget;
			buildConfigurationList = BEAB0C0D1F55743200E4E1E1 /* Build configuration list for PBXNativeTarget "TestAudioTests" */;
			buildPhases = (
				BEAB0BF21F55743200E4E1E1 /* Sources */,
				BEAB0BF31F55743200E4E1E1 /* Frameworks */,
				BEAB0BF41F55743200E4E1E1 /* Resources */,
			);
			buildRules = (
			);
			dependencies = (
				BEAB0BF81F55743200E4E1E1 /* PBXTargetDependency */,
			);
			name = TestAudioTests;
			productName = TestAudioTests;
			productReference = BEAB0BF61F55743200E4E1E1 /* TestAudioTests.xctest */;
			productType = "com.apple.product-type.bundle.unit-test";
		};
		BEAB0C001F55743200E4E1E1 /* TestAudioUITests */ = {
			isa = PBXNativeTarget;
			buildConfigurationList = BEAB0C101F55743200E4E1E1 /* Build configuration list for PBXNativeTarget "TestAudioUITests" */;
			buildPhases = (
				BEAB0BFD1F55743200E4E1E1 /* Sources */,
				BEAB0BFE1F55743200E4E1E1 /* Frameworks */,
				BEAB0BFF1F55743200E4E1E1 /* Resources */,
			);
			buildRules = (
			);
			dependencies = (
				BEAB0C031F55743200E4E1E1 /* PBXTargetDependency */,
			);
			name = TestAudioUITests;
			productName = TestAudioUITests;
			productReference = BEAB0C011F55743200E4E1E1 /* TestAudioUITests.xctest */;
			productType = "com.apple.product-type.bundle.ui-testing";
		};
/* End PBXNativeTarget section */

/* Begin PBXProject section */
		BEAB0BDA1F55743100E4E1E1 /* Project object */ = {
			isa = PBXProject;
			attributes = {
				LastSwiftUpdateCheck = 0900;
				LastUpgradeCheck = 0900;
				ORGANIZATIONNAME = yy;
				TargetAttributes = {
					BEAB0BE11F55743100E4E1E1 = {
						CreatedOnToolsVersion = 9.0;
					};
					BEAB0BF51F55743200E4E1E1 = {
						CreatedOnToolsVersion = 9.0;
						TestTargetID = BEAB0BE11F55743100E4E1E1;
					};
					BEAB0C001F55743200E4E1E1 = {
						CreatedOnToolsVersion = 9.0;
						TestTargetID = BEAB0BE11F55743100E4E1E1;
					};
				};
			};
			buildConfigurationList = BEAB0BDD1F55743100E4E1E1 /* Build configuration list for PBXProject "TestAudio" */;
			compatibilityVersion = "Xcode 8.0";
			developmentRegion = en;
			hasScannedForEncodings = 0;
			knownRegions = (
				en,
				Base,
			);
			mainGroup = BEAB0BD91F55743100E4E1E1;
			productRefGroup = BEAB0BE31F55743100E4E1E1 /* Products */;
			projectDirPath = "";
			projectRoot = "";
			targets = (
				BEAB0BE11F55743100E4E1E1 /* TestAudio */,
				BEAB0BF51F55743200E4E1E1 /* TestAudioTests */,
				BEAB0C001F55743200E4E1E1 /* TestAudioUITests */,
			);
		};
/* End PBXProject section */

/* Begin PBXResourcesBuildPhase section */
		BEAB0BE01F55743100E4E1E1 /* Resources */ = {
			isa = PBXResourcesBuildPhase;
			buildActionMask = 2147483647;
			files = (
				BEAB0BF01F55743100E4E1E1 /* LaunchScreen.storyboard in Resources */,
				BEAB0BED1F55743100E4E1E1 /* Assets.xcassets in Resources */,
				BEAB0BEB1F55743100E4E1E1 /* Main.storyboard in Resources */,
			);
			runOnlyForDeploymentPostprocessing = 0;
		};
		BEAB0BF41F55743200E4E1E1 /* Resources */ = {
			isa = PBXResourcesBuildPhase;
			buildActionMask = 2147483647;
			files = (
			);
			runOnlyForDeploymentPostprocessing = 0;
		};
		BEAB0BFF1F55743200E4E1E1 /* Resources */ = {
			isa = PBXResourcesBuildPhase;
			buildActionMask = 2147483647;
			files = (
			);
			runOnlyForDeploymentPostprocessing = 0;
		};
/* End PBXResourcesBuildPhase section */

/* Begin PBXSourcesBuildPhase section */
		BEAB0BDE1F55743100E4E1E1 /* Sources */ = {
			isa = PBXSourcesBuildPhase;
			buildActionMask = 2147483647;
			files = (
				BEAB0BE81F55743100E4E1E1 /* ViewController.swift in Sources */,
				BEAB0BE61F55743100E4E1E1 /* AppDelegate.swift in Sources */,
			);
			runOnlyForDeploymentPostprocessing = 0;
		};
		BEAB0BF21F55743200E4E1E1 /* Sources */ = {
			isa = PBXSourcesBuildPhase;
			buildActionMask = 2147483647;
			files = (
				BEAB0BFB1F55743200E4E1E1 /* TestAudioTests.swift in Sources */,
			);
			runOnlyForDeploymentPostprocessing = 0;
		};
		BEAB0BFD1F55743200E4E1E1 /* Sources */ = {
			isa = PBXSourcesBuildPhase;
			buildActionMask = 2147483647;
			files = (
				BEAB0C061F55743200E4E1E1 /* TestAudioUITests.swift in Sources */,
			);
			runOnlyForDeploymentPostprocessing = 0;
		};
/* End PBXSourcesBuildPhase section */

/* Begin PBXTargetDependency section */
		BEAB0BF81F55743200E4E1E1 /* PBXTargetDependency */ = {
			isa = PBXTargetDependency;
			target = BEAB0BE11F55743100E4E1E1 /* TestAudio */;
			targetProxy = BEAB0BF71F55743200E4E1E1 /* PBXContainerItemProxy */;
		};
		BEAB0C031F55743200E4E1E1 /* PBXTargetDependency */ = {
			isa = PBXTargetDependency;
			target = BEAB0BE11F55743100E4E1E1 /* TestAudio */;
			targetProxy = BEAB0C021F55743200E4E1E1 /* PBXContainerItemProxy */;
		};
/* End PBXTargetDependency section */

/* Begin PBXVariantGroup section */
		BEAB0BE91F55743100E4E1E1 /* Main.storyboard */ = {
			isa = PBXVariantGroup;
			children = (
				BEAB0BEA1F55743100E4E1E1 /* Base */,
			);
			name = Main.storyboard;
			sourceTree = "<group>";
		};
		BEAB0BEE1F55743100E4E1E1 /* LaunchScreen.storyboard */ = {
			isa = PBXVariantGroup;
			children = (
				BEAB0BEF1F55743100E4E1E1 /* Base */,
			);
			name = LaunchScreen.storyboard;
			sourceTree = "<group>";
		};
/* End PBXVariantGroup section */

/* Begin XCBuildConfiguration section */
		BEAB0C081F55743200E4E1E1 /* Debug */ = {
			isa = XCBuildConfiguration;
			buildSettings = {
				ALWAYS_SEARCH_USER_PATHS = NO;
				CLANG_ANALYZER_NONNULL = YES;
				CLANG_ANALYZER_NUMBER_OBJECT_CONVERSION = YES_AGGRESSIVE;
				CLANG_CXX_LANGUAGE_STANDARD = "gnu++14";
				CLANG_CXX_LIBRARY = "libc++";
				CLANG_ENABLE_MODULES = YES;
				CLANG_ENABLE_OBJC_ARC = YES;
				CLANG_WARN_BLOCK_CAPTURE_AUTORELEASING = YES;
				CLANG_WARN_BOOL_CONVERSION = YES;
				CLANG_WARN_COMMA = YES;
				CLANG_WARN_CONSTANT_CONVERSION = YES;
				CLANG_WARN_DIRECT_OBJC_ISA_USAGE = YES_ERROR;
				CLANG_WARN_DOCUMENTATION_COMMENTS = YES;
				CLANG_WARN_EMPTY_BODY = YES;
				CLANG_WARN_ENUM_CONVERSION = YES;
				CLANG_WARN_INFINITE_RECURSION = YES;
				CLANG_WARN_INT_CONVERSION = YES;
				CLANG_WARN_NON_LITERAL_NULL_CONVERSION = YES;
				CLANG_WARN_OBJC_LITERAL_CONVERSION = YES;
				CLANG_WARN_OBJC_ROOT_CLASS = YES_ERROR;
				CLANG_WARN_RANGE_LOOP_ANALYSIS = YES;
				CLANG_WARN_STRICT_PROTOTYPES = YES;
				CLANG_WARN_SUSPICIOUS_MOVE = YES;
				CLANG_WARN_UNGUARDED_AVAILABILITY = YES_AGGRESSIVE;
				CLANG_WARN_UNREACHABLE_CODE = YES;
				CLANG_WARN__DUPLICATE_METHOD_MATCH = YES;
				CODE_SIGN_IDENTITY = "iPhone Developer";
				COPY_PHASE_STRIP = NO;
				DEBUG_INFORMATION_FORMAT = dwarf;
				ENABLE_STRICT_OBJC_MSGSEND = YES;
				ENABLE_TESTABILITY = YES;
				GCC_C_LANGUAGE_STANDARD = gnu11;
				GCC_DYNAMIC_NO_PIC = NO;
				GCC_NO_COMMON_BLOCKS = YES;
				GCC_OPTIMIZATION_LEVEL = 0;
				GCC_PREPROCESSOR_DEFINITIONS = (
					"DEBUG=1",
					"$(inherited)",
				);
				GCC_WARN_64_TO_32_BIT_CONVERSION = YES;
				GCC_WARN_ABOUT_RETURN_TYPE = YES_ERROR;
				GCC_WARN_UNDECLARED_SELECTOR = YES;
				GCC_WARN_UNINITIALIZED_AUTOS = YES_AGGRESSIVE;
				GCC_WARN_UNUSED_FUNCTION = YES;
				GCC_WARN_UNUSED_VARIABLE = YES;
				IPHONEOS_DEPLOYMENT_TARGET = 11.0;
				MTL_ENABLE_DEBUG_INFO = YES;
				ONLY_ACTIVE_ARCH = YES;
				SDKROOT = iphoneos;
				SWIFT_ACTIVE_COMPILATION_CONDITIONS = DEBUG;
				SWIFT_OPTIMIZATION_LEVEL = "-Onone";
			};
			name = Debug;
		};
		BEAB0C091F55743200E4E1E1 /* Release */ = {
			isa = XCBuildConfiguration;
			buildSettings = {
				ALWAYS_SEARCH_USER_PATHS = NO;
				CLANG_ANALYZER_NONNULL = YES;
				CLANG_ANALYZER_NUMBER_OBJECT_CONVERSION = YES_AGGRESSIVE;
				CLANG_CXX_LANGUAGE_STANDARD = "gnu++14";
				CLANG_CXX_LIBRARY = "libc++";
				CLANG_ENABLE_MODULES = YES;
				CLANG_ENABLE_OBJC_ARC = YES;
				CLANG_WARN_BLOCK_CAPTURE_AUTORELEASING = YES;
				CLANG_WARN_BOOL_CONVERSION = YES;
				CLANG_WARN_COMMA = YES;
				CLANG_WARN_CONSTANT_CONVERSION = YES;
				CLANG_WARN_DIRECT_OBJC_ISA_USAGE = YES_ERROR;
				CLANG_WARN_DOCUMENTATION_COMMENTS = YES;
				CLANG_WARN_EMPTY_BODY = YES;
				CLANG_WARN_ENUM_CONVERSION = YES;
				CLANG_WARN_INFINITE_RECURSION = YES;
				CLANG_WARN_INT_CONVERSION = YES;
				CLANG_WARN_NON_LITERAL_NULL_CONVERSION = YES;
				CLANG_WARN_OBJC_LITERAL_CONVERSION = YES;
				CLANG_WARN_OBJC_ROOT_CLASS = YES_ERROR;
				CLANG_WARN_RANGE_LOOP_ANALYSIS = YES;
				CLANG_WARN_STRICT_PROTOTYPES = YES;
				CLANG_WARN_SUSPICIOUS_MOVE = YES;
				CLANG_WARN_UNGUARDED_AVAILABILITY = YES_AGGRESSIVE;
				CLANG_WARN_UNREACHABLE_CODE = YES;
				CLANG_WARN__DUPLICATE_METHOD_MATCH = YES;
				CODE_SIGN_IDENTITY = "iPhone Developer";
				COPY_PHASE_STRIP = NO;
				DEBUG_INFORMATION_FORMAT = "dwarf-with-dsym";
				ENABLE_NS_ASSERTIONS = NO;
				ENABLE_STRICT_OBJC_MSGSEND = YES;
				GCC_C_LANGUAGE_STANDARD = gnu11;
				GCC_NO_COMMON_BLOCKS = YES;
				GCC_WARN_64_TO_32_BIT_CONVERSION = YES;
				GCC_WARN_ABOUT_RETURN_TYPE = YES_ERROR;
				GCC_WARN_UNDECLARED_SELECTOR = YES;
				GCC_WARN_UNINITIALIZED_AUTOS = YES_AGGRESSIVE;
				GCC_WARN_UNUSED_FUNCTION = YES;
				GCC_WARN_UNUSED_VARIABLE = YES;
				IPHONEOS_DEPLOYMENT_TARGET = 11.0;
				MTL_ENABLE_DEBUG_INFO = NO;
				SDKROOT = iphoneos;
				SWIFT_OPTIMIZATION_LEVEL = "-Owholemodule";
				VALIDATE_PRODUCT = YES;
			};
			name = Release;
		};
		BEAB0C0B1F55743200E4E1E1 /* Debug */ = {
			isa = XCBuildConfiguration;
			buildSettings = {
				ASSETCATALOG_COMPILER_APPICON_NAME = AppIcon;
				INFOPLIST_FILE = TestAudio/Info.plist;
				LD_RUNPATH_SEARCH_PATHS = "$(inherited) @executable_path/Frameworks";
				PRODUCT_BUNDLE_IDENTIFIER = yy.TestAudio;
				PRODUCT_NAME = "$(TARGET_NAME)";
				SWIFT_VERSION = 4.0;
				TARGETED_DEVICE_FAMILY = "1,2";
			};
			name = Debug;
		};
		BEAB0C0C1F55743200E4E1E1 /* Release */ = {
			isa = XCBuildConfiguration;
			buildSettings = {
				ASSETCATALOG_COMPILER_APPICON_NAME = AppIcon;
				INFOPLIST_FILE = TestAudio/Info.plist;
				LD_RUNPATH_SEARCH_PATHS = "$(inherited) @executable_path/Frameworks";
				PRODUCT_BUNDLE_IDENTIFIER = yy.TestAudio;
				PRODUCT_NAME = "$(TARGET_NAME)";
				SWIFT_VERSION = 4.0;
				TARGETED_DEVICE_FAMILY = "1,2";
			};
			name = Release;
		};
		BEAB0C0E1F55743200E4E1E1 /* Debug */ = {
			isa = XCBuildConfiguration;
			buildSettings = {
				ALWAYS_EMBED_SWIFT_STANDARD_LIBRARIES = YES;
				BUNDLE_LOADER = "$(TEST_HOST)";
				INFOPLIST_FILE = TestAudioTests/Info.plist;
				LD_RUNPATH_SEARCH_PATHS = "$(inherited) @executable_path/Frameworks @loader_path/Frameworks";
				PRODUCT_BUNDLE_IDENTIFIER = yy.TestAudioTests;
				PRODUCT_NAME = "$(TARGET_NAME)";
				SWIFT_VERSION = 4.0;
				TARGETED_DEVICE_FAMILY = "1,2";
				TEST_HOST = "$(BUILT_PRODUCTS_DIR)/TestAudio.app/TestAudio";
			};
			name = Debug;
		};
		BEAB0C0F1F55743200E4E1E1 /* Release */ = {
			isa = XCBuildConfiguration;
			buildSettings = {
				ALWAYS_EMBED_SWIFT_STANDARD_LIBRARIES = YES;
				BUNDLE_LOADER = "$(TEST_HOST)";
				INFOPLIST_FILE = TestAudioTests/Info.plist;
				LD_RUNPATH_SEARCH_PATHS = "$(inherited) @executable_path/Frameworks @loader_path/Frameworks";
				PRODUCT_BUNDLE_IDENTIFIER = yy.TestAudioTests;
				PRODUCT_NAME = "$(TARGET_NAME)";
				SWIFT_VERSION = 4.0;
				TARGETED_DEVICE_FAMILY = "1,2";
				TEST_HOST = "$(BUILT_PRODUCTS_DIR)/TestAudio.app/TestAudio";
			};
			name = Release;
		};
		BEAB0C111F55743200E4E1E1 /* Debug */ = {
			isa = XCBuildConfiguration;
			buildSettings = {
				ALWAYS_EMBED_SWIFT_STANDARD_LIBRARIES = YES;
				INFOPLIST_FILE = TestAudioUITests/Info.plist;
				LD_RUNPATH_SEARCH_PATHS = "$(inherited) @executable_path/Frameworks @loader_path/Frameworks";
				PRODUCT_BUNDLE_IDENTIFIER = yy.TestAudioUITests;
				PRODUCT_NAME = "$(TARGET_NAME)";
				SWIFT_VERSION = 4.0;
				TARGETED_DEVICE_FAMILY = "1,2";
				TEST_TARGET_NAME = TestAudio;
			};
			name = Debug;
		};
		BEAB0C121F55743200E4E1E1 /* Release */ = {
			isa = XCBuildConfiguration;
			buildSettings = {
				ALWAYS_EMBED_SWIFT_STANDARD_LIBRARIES = YES;
				INFOPLIST_FILE = TestAudioUITests/Info.plist;
				LD_RUNPATH_SEARCH_PATHS = "$(inherited) @executable_path/Frameworks @loader_path/Frameworks";
				PRODUCT_BUNDLE_IDENTIFIER = yy.TestAudioUITests;
				PRODUCT_NAME = "$(TARGET_NAME)";
				SWIFT_VERSION = 4.0;
				TARGETED_DEVICE_FAMILY = "1,2";
				TEST_TARGET_NAME = TestAudio;
			};
			name = Release;
		};
/* End XCBuildConfiguration section */

/* Begin XCConfigurationList section */
		BEAB0BDD1F55743100E4E1E1 /* Build configuration list for PBXProject "TestAudio" */ = {
			isa = XCConfigurationList;
			buildConfigurations = (
				BEAB0C081F55743200E4E1E1 /* Debug */,
				BEAB0C091F55743200E4E1E1 /* Release */,
			);
			defaultConfigurationIsVisible = 0;
			defaultConfigurationName = Release;
		};
		BEAB0C0A1F55743200E4E1E1 /* Build configuration list for PBXNativeTarget "TestAudio" */ = {
			isa = XCConfigurationList;
			buildConfigurations = (
				BEAB0C0B1F55743200E4E1E1 /* Debug */,
				BEAB0C0C1F55743200E4E1E1 /* Release */,
			);
			defaultConfigurationIsVisible = 0;
			defaultConfigurationName = Release;
		};
		BEAB0C0D1F55743200E4E1E1 /* Build configuration list for PBXNativeTarget "TestAudioTests" */ = {
			isa = XCConfigurationList;
			buildConfigurations = (
				BEAB0C0E1F55743200E4E1E1 /* Debug */,
				BEAB0C0F1F55743200E4E1E1 /* Release */,
			);
			defaultConfigurationIsVisible = 0;
			defaultConfigurationName = Release;
		};
		BEAB0C101F55743200E4E1E1 /* Build configuration list for PBXNativeTarget "TestAudioUITests" */ = {
			isa = XCConfigurationList;
			buildConfigurations = (
				BEAB0C111F55743200E4E1E1 /* Debug */,
				BEAB0C121F55743200E4E1E1 /* Release */,
			);
			defaultConfigurationIsVisible = 0;
			defaultConfigurationName = Release;
		};
/* End XCConfigurationList section */
	};
	rootObject = BEAB0BDA1F55743100E4E1E1 /* Project object */;
}
